
Microsoft Visual Studio Solution File, Format Version 12.00
# Visual Studio Version 18
VisualStudioVersion = 18.5.11709.299
MinimumVisualStudioVersion = 10.0.40219.1
Project("{9A19103F-16F7-4668-BE54-9A1E7A4F7556}") = "Quartz.Plugins.RecentHistory", "src\Quartz.Plugins.RecentHistory\Quartz.Plugins.RecentHistory.csproj", "{4CEFA319-5052-4B65-B1B8-647CCFFF2A1C}"
EndProject
Project("{2150E333-8FDC-42A3-9474-1A3956D46DE8}") = "Solution Items", "Solution Items", "{F77F2A7C-C844-4DEE-B797-67AB09655FC1}"
	ProjectSection(SolutionItems) = preProject
		.dockerignore = .dockerignore
		.editorconfig = .editorconfig
		.gitattributes = .gitattributes
		.gitignore = .gitignore
		.travis.yml = .travis.yml
		.github\workflows\dotnet-core.yml = .github\workflows\dotnet-core.yml
		LICENSE = LICENSE
		src\SilkierQuartz\Content\Images\logo.png = src\SilkierQuartz\Content\Images\logo.png
		README.md = README.md
	EndProjectSection
EndProject
Project("{9A19103F-16F7-4668-BE54-9A1E7A4F7556}") = "SilkierQuartz", "src\SilkierQuartz\SilkierQuartz.csproj", "{C154889B-E360-4AAB-9CC6-F1E57DF61712}"
EndProject
Project("{9A19103F-16F7-4668-BE54-9A1E7A4F7556}") = "SilkierQuartz.Test", "test\SilkierQuartz.Test.csproj", "{B3737C9E-D544-461C-90A5-15DD917DA569}"
EndProject
Project("{FAE04EC0-301F-11D3-BF4B-00C04F79EFBC}") = "Quartz.Plugins.RecentHistory.EFCoreSqlServer", "src\Quartz.Plugins.RecentHistory.EFCoreSqlServer\Quartz.Plugins.RecentHistory.EFCoreSqlServer.csproj", "{4AE75D81-DDDB-48BD-846A-44927D2C2885}"
EndProject
Project("{2150E333-8FDC-42A3-9474-1A3956D46DE8}") = "Quartz.Plugins", "Quartz.Plugins", "{76ACDDC7-086B-4D9E-8D4A-736FA37083C1}"
EndProject
Project("{2150E333-8FDC-42A3-9474-1A3956D46DE8}") = "Examples", "Examples", "{8788BBD5-A156-4E2B-9B4C-53EA09210233}"
EndProject
Project("{FAE04EC0-301F-11D3-BF4B-00C04F79EFBC}") = "example", "samples\sample\example.csproj", "{C9BAA8A9-5872-597F-782A-219C620498BF}"
EndProject
Project("{FAE04EC0-301F-11D3-BF4B-00C04F79EFBC}") = "sample2", "samples\sample2\sample2.csproj", "{DD85D8E4-53C3-9D9F-0C0C-DE56D0E44CCA}"
EndProject
Project("{FAE04EC0-301F-11D3-BF4B-00C04F79EFBC}") = "EFCoreExeHistoryStoreExample", "samples\EFCoreExeHistoryStoreExample\EFCoreExeHistoryStoreExample.csproj", "{AD80FF9D-B74D-3E5F-0B03-7393A72DEBA2}"
EndProject
Global
	GlobalSection(SolutionConfigurationPlatforms) = preSolution
		Debug|Any CPU = Debug|Any CPU
		Debug|x64 = Debug|x64
		Debug|x86 = Debug|x86
		Release|Any CPU = Release|Any CPU
		Release|x64 = Release|x64
		Release|x86 = Release|x86
	EndGlobalSection
	GlobalSection(ProjectConfigurationPlatforms) = postSolution
		{4CEFA319-5052-4B65-B1B8-647CCFFF2A1C}.Debug|Any CPU.ActiveCfg = Debug|Any CPU
		{4CEFA319-5052-4B65-B1B8-647CCFFF2A1C}.Debug|Any CPU.Build.0 = Debug|Any CPU
		{4CEFA319-5052-4B65-B1B8-647CCFFF2A1C}.Debug|x64.ActiveCfg = Debug|Any CPU
		{4CEFA319-5052-4B65-B1B8-647CCFFF2A1C}.Debug|x64.Build.0 = Debug|Any CPU
		{4CEFA319-5052-4B65-B1B8-647CCFFF2A1C}.Debug|x86.ActiveCfg = Debug|Any CPU
		{4CEFA319-5052-4B65-B1B8-647CCFFF2A1C}.Debug|x86.Build.0 = Debug|Any CPU
		{4CEFA319-5052-4B65-B1B8-647CCFFF2A1C}.Release|Any CPU.ActiveCfg = Release|Any CPU
		{4CEFA319-5052-4B65-B1B8-647CCFFF2A1C}.Release|Any CPU.Build.0 = Release|Any CPU
		{4CEFA319-5052-4B65-B1B8-647CCFFF2A1C}.Release|x64.ActiveCfg = Release|Any CPU
		{4CEFA319-5052-4B65-B1B8-647CCFFF2A1C}.Release|x64.Build.0 = Release|Any CPU
		{4CEFA319-5052-4B65-B1B8-647CCFFF2A1C}.Release|x86.ActiveCfg = Release|Any CPU
		{4CEFA319-5052-4B65-B1B8-647CCFFF2A1C}.Release|x86.Build.0 = Release|Any CPU
		{C154889B-E360-4AAB-9CC6-F1E57DF61712}.Debug|Any CPU.ActiveCfg = Debug|Any CPU
		{C154889B-E360-4AAB-9CC6-F1E57DF61712}.Debug|Any CPU.Build.0 = Debug|Any CPU
		{C154889B-E360-4AAB-9CC6-F1E57DF61712}.Debug|x64.ActiveCfg = Debug|Any CPU
		{C154889B-E360-4AAB-9CC6-F1E57DF61712}.Debug|x64.Build.0 = Debug|Any CPU
		{C154889B-E360-4AAB-9CC6-F1E57DF61712}.Debug|x86.ActiveCfg = Debug|Any CPU
		{C154889B-E360-4AAB-9CC6-F1E57DF61712}.Debug|x86.Build.0 = Debug|Any CPU
		{C154889B-E360-4AAB-9CC6-F1E57DF61712}.Release|Any CPU.ActiveCfg = Release|Any CPU
		{C154889B-E360-4AAB-9CC6-F1E57DF61712}.Release|Any CPU.Build.0 = Release|Any CPU
		{C154889B-E360-4AAB-9CC6-F1E57DF61712}.Release|x64.ActiveCfg = Release|Any CPU
		{C154889B-E360-4AAB-9CC6-F1E57DF61712}.Release|x64.Build.0 = Release|Any CPU
		{C154889B-E360-4AAB-9CC6-F1E57DF61712}.Release|x86.ActiveCfg = Release|Any CPU
		{C154889B-E360-4AAB-9CC6-F1E57DF61712}.Release|x86.Build.0 = Release|Any CPU
		{B3737C9E-D544-461C-90A5-15DD917DA569}.Debug|Any CPU.ActiveCfg = Debug|Any CPU
		{B3737C9E-D544-461C-90A5-15DD917DA569}.Debug|Any CPU.Build.0 = Debug|Any CPU
		{B3737C9E-D544-461C-90A5-15DD917DA569}.Debug|x64.ActiveCfg = Debug|Any CPU
		{B3737C9E-D544-461C-90A5-15DD917DA569}.Debug|x64.Build.0 = Debug|Any CPU
		{B3737C9E-D544-461C-90A5-15DD917DA569}.Debug|x86.ActiveCfg = Debug|Any CPU
		{B3737C9E-D544-461C-90A5-15DD917DA569}.Debug|x86.Build.0 = Debug|Any CPU
		{B3737C9E-D544-461C-90A5-15DD917DA569}.Release|Any CPU.ActiveCfg = Release|Any CPU
		{B3737C9E-D544-461C-90A5-15DD917DA569}.Release|Any CPU.Build.0 = Release|Any CPU
		{B3737C9E-D544-461C-90A5-15DD917DA569}.Release|x64.ActiveCfg = Release|Any CPU
		{B3737C9E-D544-461C-90A5-15DD917DA569}.Release|x64.Build.0 = Release|Any CPU
		{B3737C9E-D544-461C-90A5-15DD917DA569}.Release|x86.ActiveCfg = Release|Any CPU
		{B3737C9E-D544-461C-90A5-15DD917DA569}.Release|x86.Build.0 = Release|Any CPU
		{4AE75D81-DDDB-48BD-846A-44927D2C2885}.Debug|Any CPU.ActiveCfg = Debug|Any CPU
		{4AE75D81-DDDB-48BD-846A-44927D2C2885}.Debug|Any CPU.Build.0 = Debug|Any CPU
		{4AE75D81-DDDB-48BD-846A-44927D2C2885}.Debug|x64.ActiveCfg = Debug|Any CPU
		{4AE75D81-DDDB-48BD-846A-44927D2C2885}.Debug|x64.Build.0 = Debug|Any CPU
		{4AE75D81-DDDB-48BD-846A-44927D2C2885}.Debug|x86.ActiveCfg = Debug|Any CPU
		{4AE75D81-DDDB-48BD-846A-44927D2C2885}.Debug|x86.Build.0 = Debug|Any CPU
		{4AE75D81-DDDB-48BD-846A-44927D2C2885}.Release|Any CPU.ActiveCfg = Release|Any CPU
		{4AE75D81-DDDB-48BD-846A-44927D2C2885}.Release|Any CPU.Build.0 = Release|Any CPU
		{4AE75D81-DDDB-48BD-846A-44927D2C2885}.Release|x64.ActiveCfg = Release|Any CPU
		{4AE75D81-DDDB-48BD-846A-44927D2C2885}.Release|x64.Build.0 = Release|Any CPU
		{4AE75D81-DDDB-48BD-846A-44927D2C2885}.Release|x86.ActiveCfg = Release|Any CPU
		{4AE75D81-DDDB-48BD-846A-44927D2C2885}.Release|x86.Build.0 = Release|Any CPU
		{C9BAA8A9-5872-597F-782A-219C620498BF}.Debug|Any CPU.ActiveCfg = Debug|Any CPU
		{C9BAA8A9-5872-597F-782A-219C620498BF}.Debug|Any CPU.Build.0 = Debug|Any CPU
		{C9BAA8A9-5872-597F-782A-219C620498BF}.Debug|x64.ActiveCfg = Debug|Any CPU
		{C9BAA8A9-5872-597F-782A-219C620498BF}.Debug|x64.Build.0 = Debug|Any CPU
		{C9BAA8A9-5872-597F-782A-219C620498BF}.Debug|x86.ActiveCfg = Debug|Any CPU
		{C9BAA8A9-5872-597F-782A-219C620498BF}.Debug|x86.Build.0 = Debug|Any CPU
		{C9BAA8A9-5872-597F-782A-219C620498BF}.Release|Any CPU.ActiveCfg = Release|Any CPU
		{C9BAA8A9-5872-597F-782A-219C620498BF}.Release|Any CPU.Build.0 = Release|Any CPU
		{C9BAA8A9-5872-597F-782A-219C620498BF}.Release|x64.ActiveCfg = Release|Any CPU
		{C9BAA8A9-5872-597F-782A-219C620498BF}.Release|x64.Build.0 = Release|Any CPU
		{C9BAA8A9-5872-597F-782A-219C620498BF}.Release|x86.ActiveCfg = Release|Any CPU
		{C9BAA8A9-5872-597F-782A-219C620498BF}.Release|x86.Build.0 = Release|Any CPU
		{DD85D8E4-53C3-9D9F-0C0C-DE56D0E44CCA}.Debug|Any CPU.ActiveCfg = Debug|Any CPU
		{DD85D8E4-53C3-9D9F-0C0C-DE56D0E44CCA}.Debug|Any CPU.Build.0 = Debug|Any CPU
		{DD85D8E4-53C3-9D9F-0C0C-DE56D0E44CCA}.Debug|x64.ActiveCfg = Debug|Any CPU
		{DD85D8E4-53C3-9D9F-0C0C-DE56D0E44CCA}.Debug|x64.Build.0 = Debug|Any CPU
		{DD85D8E4-53C3-9D9F-0C0C-DE56D0E44CCA}.Debug|x86.ActiveCfg = Debug|Any CPU
		{DD85D8E4-53C3-9D9F-0C0C-DE56D0E44CCA}.Debug|x86.Build.0 = Debug|Any CPU
		{DD85D8E4-53C3-9D9F-0C0C-DE56D0E44CCA}.Release|Any CPU.ActiveCfg = Release|Any CPU
		{DD85D8E4-53C3-9D9F-0C0C-DE56D0E44CCA}.Release|Any CPU.Build.0 = Release|Any CPU
		{DD85D8E4-53C3-9D9F-0C0C-DE56D0E44CCA}.Release|x64.ActiveCfg = Release|Any CPU
		{DD85D8E4-53C3-9D9F-0C0C-DE56D0E44CCA}.Release|x64.Build.0 = Release|Any CPU
		{DD85D8E4-53C3-9D9F-0C0C-DE56D0E44CCA}.Release|x86.ActiveCfg = Release|Any CPU
		{DD85D8E4-53C3-9D9F-0C0C-DE56D0E44CCA}.Release|x86.Build.0 = Release|Any CPU
		{AD80FF9D-B74D-3E5F-0B03-7393A72DEBA2}.Debug|Any CPU.ActiveCfg = Debug|Any CPU
		{AD80FF9D-B74D-3E5F-0B03-7393A72DEBA2}.Debug|Any CPU.Build.0 = Debug|Any CPU
		{AD80FF9D-B74D-3E5F-0B03-7393A72DEBA2}.Debug|x64.ActiveCfg = Debug|Any CPU
		{AD80FF9D-B74D-3E5F-0B03-7393A72DEBA2}.Debug|x64.Build.0 = Debug|Any CPU
		{AD80FF9D-B74D-3E5F-0B03-7393A72DEBA2}.Debug|x86.ActiveCfg = Debug|Any CPU
		{AD80FF9D-B74D-3E5F-0B03-7393A72DEBA2}.Debug|x86.Build.0 = Debug|Any CPU
		{AD80FF9D-B74D-3E5F-0B03-7393A72DEBA2}.Release|Any CPU.ActiveCfg = Release|Any CPU
		{AD80FF9D-B74D-3E5F-0B03-7393A72DEBA2}.Release|Any CPU.Build.0 = Release|Any CPU
		{AD80FF9D-B74D-3E5F-0B03-7393A72DEBA2}.Release|x64.ActiveCfg = Release|Any CPU
		{AD80FF9D-B74D-3E5F-0B03-7393A72DEBA2}.Release|x64.Build.0 = Release|Any CPU
		{AD80FF9D-B74D-3E5F-0B03-7393A72DEBA2}.Release|x86.ActiveCfg = Release|Any CPU
		{AD80FF9D-B74D-3E5F-0B03-7393A72DEBA2}.Release|x86.Build.0 = Release|Any CPU
	EndGlobalSection
	GlobalSection(SolutionProperties) = preSolution
		HideSolutionNode = FALSE
	EndGlobalSection
	GlobalSection(NestedProjects) = preSolution
		{4CEFA319-5052-4B65-B1B8-647CCFFF2A1C} = {76ACDDC7-086B-4D9E-8D4A-736FA37083C1}
		{4AE75D81-DDDB-48BD-846A-44927D2C2885} = {76ACDDC7-086B-4D9E-8D4A-736FA37083C1}
		{C9BAA8A9-5872-597F-782A-219C620498BF} = {8788BBD5-A156-4E2B-9B4C-53EA09210233}
		{DD85D8E4-53C3-9D9F-0C0C-DE56D0E44CCA} = {8788BBD5-A156-4E2B-9B4C-53EA09210233}
		{AD80FF9D-B74D-3E5F-0B03-7393A72DEBA2} = {8788BBD5-A156-4E2B-9B4C-53EA09210233}
	EndGlobalSection
	GlobalSection(ExtensibilityGlobals) = postSolution
		SolutionGuid = {0357313D-BD09-4C5D-AF0D-439B3BD33B5A}
	EndGlobalSection
EndGlobal
